// !$*UTF8*$!
{
	archiveVersion = 1;
	classes = {
	};
	objectVersion = 46;
	objects = {

/* Begin PBXBuildFile section */
		876765171F6CEBDB0085C41E /* AppDelegate.swift in Sources */ = {isa = PBXBuildFile; fileRef = 876765161F6CEBDB0085C41E /* AppDelegate.swift */; };
		876765191F6CEBDB0085C41E /* ViewController.swift in Sources */ = {isa = PBXBuildFile; fileRef = 876765181F6CEBDB0085C41E /* ViewController.swift */; };
		8767651C1F6CEBDB0085C41E /* Main.storyboard in Resources */ = {isa = PBXBuildFile; fileRef = 8767651A1F6CEBDB0085C41E /* Main.storyboard */; };
		8767651E1F6CEBDB0085C41E /* Assets.xcassets in Resources */ = {isa = PBXBuildFile; fileRef = 8767651D1F6CEBDB0085C41E /* Assets.xcassets */; };
		876765211F6CEBDB0085C41E /* LaunchScreen.storyboard in Resources */ = {isa = PBXBuildFile; fileRef = 8767651F1F6CEBDB0085C41E /* LaunchScreen.storyboard */; };
		8767652A1F6CEC090085C41E /* JHAlertView.swift in Sources */ = {isa = PBXBuildFile; fileRef = 876765291F6CEC090085C41E /* JHAlertView.swift */; };
/* End PBXBuildFile section */

/* Begin PBXFileReference section */
		876765131F6CEBDB0085C41E /* JHLibForSwift.app */ = {isa = PBXFileReference; explicitFileType = wrapper.application; includeInIndex = 0; path = JHLibForSwift.app; sourceTree = BUILT_PRODUCTS_DIR; };
		876765161F6CEBDB0085C41E /* AppDelegate.swift */ = {isa = PBXFileReference; lastKnownFileType = sourcecode.swift; path = AppDelegate.swift; sourceTree = "<group>"; };
		876765181F6CEBDB0085C41E /* ViewController.swift */ = {isa = PBXFileReference; lastKnownFileType = sourcecode.swift; path = ViewController.swift; sourceTree = "<group>"; };
		8767651B1F6CEBDB0085C41E /* Base */ = {isa = PBXFileReference; lastKnownFileType = file.storyboard; name = Base; path = Base.lproj/Main.storyboard; sourceTree = "<group>"; };
		8767651D1F6CEBDB0085C41E /* Assets.xcassets */ = {isa = PBXFileReference; lastKnownFileType = folder.assetcatalog; path = Assets.xcassets; sourceTree = "<group>"; };
		876765201F6CEBDB0085C41E /* Base */ = {isa = PBXFileReference; lastKnownFileType = file.storyboard; name = Base; path = Base.lproj/LaunchScreen.storyboard; sourceTree = "<group>"; };
		876765221F6CEBDB0085C41E /* Info.plist */ = {isa = PBXFileReference; lastKnownFileType = text.plist.xml; path = Info.plist; sourceTree = "<group>"; };
		876765291F6CEC090085C41E /* JHAlertView.swift */ = {isa = PBXFileReference; fileEncoding = 4; lastKnownFileType = sourcecode.swift; path = JHAlertView.swift; sourceTree = "<group>"; };
/* End PBXFileReference section */

/* Begin PBXFrameworksBuildPhase section */
		876765101F6CEBDB0085C41E /* Frameworks */ = {
			isa = PBXFrameworksBuildPhase;
			buildActionMask = 2147483647;
			files = (
			);
			runOnlyForDeploymentPostprocessing = 0;
		};
/* End PBXFrameworksBuildPhase section */

/* Begin PBXGroup section */
		8767650A1F6CEBDB0085C41E = {
			isa = PBXGroup;
			children = (
				876765151F6CEBDB0085C41E /* JHLibForSwift */,
				876765141F6CEBDB0085C41E /* Products */,
			);
			sourceTree = "<group>";
		};
		876765141F6CEBDB0085C41E /* Products */ = {
			isa = PBXGroup;
			children = (
				876765131F6CEBDB0085C41E /* JHLibForSwift.app */,
			);
			name = Products;
			sourceTree = "<group>";
		};
		876765151F6CEBDB0085C41E /* JHLibForSwift */ = {
			isa = PBXGroup;
			children = (
				876765281F6CEC000085C41E /* Lib */,
				876765161F6CEBDB0085C41E /* AppDelegate.swift */,
				876765181F6CEBDB0085C41E /* ViewController.swift */,
				8767651A1F6CEBDB0085C41E /* Main.storyboard */,
				8767651D1F6CEBDB0085C41E /* Assets.xcassets */,
				8767651F1F6CEBDB0085C41E /* LaunchScreen.storyboard */,
				876765221F6CEBDB0085C41E /* Info.plist */,
			);
			path = JHLibForSwift;
			sourceTree = "<group>";
		};
		876765281F6CEC000085C41E /* Lib */ = {
			isa = PBXGroup;
			children = (
				876765291F6CEC090085C41E /* JHAlertView.swift */,
			);
			path = Lib;
			sourceTree = "<group>";
		};
/* End PBXGroup section */

/* Begin PBXNativeTarget section */
		876765121F6CEBDB0085C41E /* JHLibForSwift */ = {
			isa = PBXNativeTarget;
			buildConfigurationList = 876765251F6CEBDB0085C41E /* Build configuration list for PBXNativeTarget "JHLibForSwift" */;
			buildPhases = (
				8767650F1F6CEBDB0085C41E /* Sources */,
				876765101F6CEBDB0085C41E /* Frameworks */,
				876765111F6CEBDB0085C41E /* Resources */,
			);
			buildRules = (
			);
			dependencies = (
			);
			name = JHLibForSwift;
			productName = JHLibForSwift;
			productReference = 876765131F6CEBDB0085C41E /* JHLibForSwift.app */;
			productType = "com.apple.product-type.application";
		};
/* End PBXNativeTarget section */

/* Begin PBXProject section */
		8767650B1F6CEBDB0085C41E /* Project object */ = {
			isa = PBXProject;
			attributes = {
				LastSwiftUpdateCheck = 0830;
				LastUpgradeCheck = 0830;
				ORGANIZATIONNAME = "이재훈";
				TargetAttributes = {
					876765121F6CEBDB0085C41E = {
						CreatedOnToolsVersion = 8.3.3;
						ProvisioningStyle = Automatic;
					};
				};
			};
			buildConfigurationList = 8767650E1F6CEBDB0085C41E /* Build configuration list for PBXProject "JHLibForSwift" */;
			compatibilityVersion = "Xcode 3.2";
			developmentRegion = English;
			hasScannedForEncodings = 0;
			knownRegions = (
				en,
				Base,
			);
			mainGroup = 8767650A1F6CEBDB0085C41E;
			productRefGroup = 876765141F6CEBDB0085C41E /* Products */;
			projectDirPath = "";
			projectRoot = "";
			targets = (
				876765121F6CEBDB0085C41E /* JHLibForSwift */,
			);
		};
/* End PBXProject section */

/* Begin PBXResourcesBuildPhase section */
		876765111F6CEBDB0085C41E /* Resources */ = {
			isa = PBXResourcesBuildPhase;
			buildActionMask = 2147483647;
			files = (
				876765211F6CEBDB0085C41E /* LaunchScreen.storyboard in Resources */,
				8767651E1F6CEBDB0085C41E /* Assets.xcassets in Resources */,
				8767651C1F6CEBDB0085C41E /* Main.storyboard in Resources */,
			);
			runOnlyForDeploymentPostprocessing = 0;
		};
/* End PBXResourcesBuildPhase section */

/* Begin PBXSourcesBuildPhase section */
		8767650F1F6CEBDB0085C41E /* Sources */ = {
			isa = PBXSourcesBuildPhase;
			buildActionMask = 2147483647;
			files = (
				876765191F6CEBDB0085C41E /* ViewController.swift in Sources */,
				876765171F6CEBDB0085C41E /* AppDelegate.swift in Sources */,
				8767652A1F6CEC090085C41E /* JHAlertView.swift in Sources */,
			);
			runOnlyForDeploymentPostprocessing = 0;
		};
/* End PBXSourcesBuildPhase section */

/* Begin PBXVariantGroup section */
		8767651A1F6CEBDB0085C41E /* Main.storyboard */ = {
			isa = PBXVariantGroup;
			children = (
				8767651B1F6CEBDB0085C41E /* Base */,
			);
			name = Main.storyboard;
			sourceTree = "<group>";
		};
		8767651F1F6CEBDB0085C41E /* LaunchScreen.storyboard */ = {
			isa = PBXVariantGroup;
			children = (
				876765201F6CEBDB0085C41E /* Base */,
			);
			name = LaunchScreen.storyboard;
			sourceTree = "<group>";
		};
/* End PBXVariantGroup section */

/* Begin XCBuildConfiguration section */
		876765231F6CEBDB0085C41E /* Debug */ = {
			isa = XCBuildConfiguration;
			buildSettings = {
				ALWAYS_SEARCH_USER_PATHS = NO;
				CLANG_ANALYZER_NONNULL = YES;
				CLANG_ANALYZER_NUMBER_OBJECT_CONVERSION = YES_AGGRESSIVE;
				CLANG_CXX_LANGUAGE_STANDARD = "gnu++0x";
				CLANG_CXX_LIBRARY = "libc++";
				CLANG_ENABLE_MODULES = YES;
				CLANG_ENABLE_OBJC_ARC = YES;
				CLANG_WARN_BOOL_CONVERSION = YES;
				CLANG_WARN_CONSTANT_CONVERSION = YES;
				CLANG_WARN_DIRECT_OBJC_ISA_USAGE = YES_ERROR;
				CLANG_WARN_DOCUMENTATION_COMMENTS = YES;
				CLANG_WARN_EMPTY_BODY = YES;
				CLANG_WARN_ENUM_CONVERSION = YES;
				CLANG_WARN_INFINITE_RECURSION = YES;
				CLANG_WARN_INT_CONVERSION = YES;
				CLANG_WARN_OBJC_ROOT_CLASS = YES_ERROR;
				CLANG_WARN_SUSPICIOUS_MOVE = YES;
				CLANG_WARN_UNREACHABLE_CODE = YES;
				CLANG_WARN__DUPLICATE_METHOD_MATCH = YES;
				"CODE_SIGN_IDENTITY[sdk=iphoneos*]" = "iPhone Developer";
				COPY_PHASE_STRIP = NO;
				DEBUG_INFORMATION_FORMAT = dwarf;
				ENABLE_STRICT_OBJC_MSGSEND = YES;
				ENABLE_TESTABILITY = YES;
				GCC_C_LANGUAGE_STANDARD = gnu99;
				GCC_DYNAMIC_NO_PIC = NO;
				GCC_NO_COMMON_BLOCKS = YES;
				GCC_OPTIMIZATION_LEVEL = 0;
				GCC_PREPROCESSOR_DEFINITIONS = (
					"DEBUG=1",
					"$(inherited)",
				);
				GCC_WARN_64_TO_32_BIT_CONVERSION = YES;
				GCC_WARN_ABOUT_RETURN_TYPE = YES_ERROR;
				GCC_WARN_UNDECLARED_SELECTOR = YES;
				GCC_WARN_UNINITIALIZED_AUTOS = YES_AGGRESSIVE;
				GCC_WARN_UNUSED_FUNCTION = YES;
				GCC_WARN_UNUSED_VARIABLE = YES;
				IPHONEOS_DEPLOYMENT_TARGET = 10.3;
				MTL_ENABLE_DEBUG_INFO = YES;
				ONLY_ACTIVE_ARCH = YES;
				SDKROOT = iphoneos;
				SWIFT_ACTIVE_COMPILATION_CONDITIONS = DEBUG;
				SWIFT_OPTIMIZATION_LEVEL = "-Onone";
			};
			name = Debug;
		};
		876765241F6CEBDB0085C41E /* Release */ = {
			isa = XCBuildConfiguration;
			buildSettings = {
				ALWAYS_SEARCH_USER_PATHS = NO;
				CLANG_ANALYZER_NONNULL = YES;
				CLANG_ANALYZER_NUMBER_OBJECT_CONVERSION = YES_AGGRESSIVE;
				CLANG_CXX_LANGUAGE_STANDARD = "gnu++0x";
				CLANG_CXX_LIBRARY = "libc++";
				CLANG_ENABLE_MODULES = YES;
				CLANG_ENABLE_OBJC_ARC = YES;
				CLANG_WARN_BOOL_CONVERSION = YES;
				CLANG_WARN_CONSTANT_CONVERSION = YES;
				CLANG_WARN_DIRECT_OBJC_ISA_USAGE = YES_ERROR;
				CLANG_WARN_DOCUMENTATION_COMMENTS = YES;
				CLANG_WARN_EMPTY_BODY = YES;
				CLANG_WARN_ENUM_CONVERSION = YES;
				CLANG_WARN_INFINITE_RECURSION = YES;
				CLANG_WARN_INT_CONVERSION = YES;
				CLANG_WARN_OBJC_ROOT_CLASS = YES_ERROR;
				CLANG_WARN_SUSPICIOUS_MOVE = YES;
				CLANG_WARN_UNREACHABLE_CODE = YES;
				CLANG_WARN__DUPLICATE_METHOD_MATCH = YES;
				"CODE_SIGN_IDENTITY[sdk=iphoneos*]" = "iPhone Developer";
				COPY_PHASE_STRIP = NO;
				DEBUG_INFORMATION_FORMAT = "dwarf-with-dsym";
				ENABLE_NS_ASSERTIONS = NO;
				ENABLE_STRICT_OBJC_MSGSEND = YES;
				GCC_C_LANGUAGE_STANDARD = gnu99;
				GCC_NO_COMMON_BLOCKS = YES;
				GCC_WARN_64_TO_32_BIT_CONVERSION = YES;
				GCC_WARN_ABOUT_RETURN_TYPE = YES_ERROR;
				GCC_WARN_UNDECLARED_SELECTOR = YES;
				GCC_WARN_UNINITIALIZED_AUTOS = YES_AGGRESSIVE;
				GCC_WARN_UNUSED_FUNCTION = YES;
				GCC_WARN_UNUSED_VARIABLE = YES;
				IPHONEOS_DEPLOYMENT_TARGET = 10.3;
				MTL_ENABLE_DEBUG_INFO = NO;
				SDKROOT = iphoneos;
				SWIFT_OPTIMIZATION_LEVEL = "-Owholemodule";
				VALIDATE_PRODUCT = YES;
			};
			name = Release;
		};
		876765261F6CEBDB0085C41E /* Debug */ = {
			isa = XCBuildConfiguration;
			buildSettings = {
				ASSETCATALOG_COMPILER_APPICON_NAME = AppIcon;
				INFOPLIST_FILE = JHLibForSwift/Info.plist;
				LD_RUNPATH_SEARCH_PATHS = "$(inherited) @executable_path/Frameworks";
				PRODUCT_BUNDLE_IDENTIFIER = lee.JHLibForSwift;
				PRODUCT_NAME = "$(TARGET_NAME)";
				SWIFT_VERSION = 3.0;
			};
			name = Debug;
		};
		876765271F6CEBDB0085C41E /* Release */ = {
			isa = XCBuildConfiguration;
			buildSettings = {
				ASSETCATALOG_COMPILER_APPICON_NAME = AppIcon;
				INFOPLIST_FILE = JHLibForSwift/Info.plist;
				LD_RUNPATH_SEARCH_PATHS = "$(inherited) @executable_path/Frameworks";
				PRODUCT_BUNDLE_IDENTIFIER = lee.JHLibForSwift;
				PRODUCT_NAME = "$(TARGET_NAME)";
				SWIFT_VERSION = 3.0;
			};
			name = Release;
		};
/* End XCBuildConfiguration section */

/* Begin XCConfigurationList section */
		8767650E1F6CEBDB0085C41E /* Build configuration list for PBXProject "JHLibForSwift" */ = {
			isa = XCConfigurationList;
			buildConfigurations = (
				876765231F6CEBDB0085C41E /* Debug */,
				876765241F6CEBDB0085C41E /* Release */,
			);
			defaultConfigurationIsVisible = 0;
			defaultConfigurationName = Release;
		};
		876765251F6CEBDB0085C41E /* Build configuration list for PBXNativeTarget "JHLibForSwift" */ = {
			isa = XCConfigurationList;
			buildConfigurations = (
				876765261F6CEBDB0085C41E /* Debug */,
				876765271F6CEBDB0085C41E /* Release */,
			);
			defaultConfigurationIsVisible = 0;
		};
/* End XCConfigurationList section */
	};
	rootObject = 8767650B1F6CEBDB0085C41E /* Project object */;
}
